
Microsoft Visual Studio Solution File, Format Version 12.00
# Visual Studio Version 16
VisualStudioVersion = 16.0.30114.105
MinimumVisualStudioVersion = 10.0.40219.1
Project("{FAE04EC0-301F-11D3-BF4B-00C04F79EFBC}") = "proj1", "proj1\proj1.csproj", "{6F288BAB-5011-4FD6-A6F4-09F9B622F5CF}"
EndProject
Global
	GlobalSection(SolutionConfigurationPlatforms) = preSolution
		Debug|Any CPU = Debug|Any CPU
		Release|Any CPU = Release|Any CPU
	EndGlobalSection
	GlobalSection(SolutionProperties) = preSolution
		HideSolutionNode = FALSE
	EndGlobalSection
	GlobalSection(ProjectConfigurationPlatforms) = postSolution
		{6F288BAB-5011-4FD6-A6F4-09F9B622F5CF}.Debug|Any CPU.ActiveCfg = Debug|Any CPU
		{6F288BAB-5011-4FD6-A6F4-09F9B622F5CF}.Debug|Any CPU.Build.0 = Debug|Any CPU
		{6F288BAB-5011-4FD6-A6F4-09F9B622F5CF}.Release|Any CPU.ActiveCfg = Release|Any CPU
		{6F288BAB-5011-4FD6-A6F4-09F9B622F5CF}.Release|Any CPU.Build.0 = Release|Any CPU
	EndGlobalSection
EndGlobal
